# THIS IS AN AUTOGENERATED FILE. DO NOT EDIT THIS FILE DIRECTLY.
# yarn lockfile v1


"@prisma/client@^2.18.0":
  version "2.18.0"
  resolved "https://registry.npmjs.org/@prisma/client/-/client-2.18.0.tgz#bff0a206f3caf7525583c703146f835dee0b5ad6"
  integrity sha512-tRu0bdYNKIdWnFIbtgUmZyPgtDLV3AgwO8NYXirlbSn5poygbSaV87UfOBh1NmrvjS9EBP5dQv+bs62sVB84hA==
  dependencies:
    "@prisma/engines-version" "2.18.0-34.da6fafb57b24e0b61ca20960c64e2d41f9e8cff1"

"@prisma/engines-version@2.18.0-34.da6fafb57b24e0b61ca20960c64e2d41f9e8cff1":
  version "2.18.0-34.da6fafb57b24e0b61ca20960c64e2d41f9e8cff1"
  resolved "https://registry.npmjs.org/@prisma/engines-version/-/engines-version-2.18.0-34.da6fafb57b24e0b61ca20960c64e2d41f9e8cff1.tgz#c595c9d85ab2c67b67d0eb7bfbb0a3b05b41fdbe"
  integrity sha512-+Eljsb1XItfq9B6vRTA1Oe4CQOGAxbsjtPAIORZwaU4Gt9RybnXapFlrQ8Mac89PXeSgcO4RnPSLEYhcd3kSVg==

"@prisma/engines@2.18.0-34.da6fafb57b24e0b61ca20960c64e2d41f9e8cff1":
  version "2.18.0-34.da6fafb57b24e0b61ca20960c64e2d41f9e8cff1"
  resolved "https://registry.npmjs.org/@prisma/engines/-/engines-2.18.0-34.da6fafb57b24e0b61ca20960c64e2d41f9e8cff1.tgz#647a7e2735b08fe28425be135120bb54ea408256"
  integrity sha512-Q5q5mQePRFSSGbd/14Ogq1RNkebbbwskiTbWsvrSq14t9Us0rC9Xsecd4mr4rEAy8Yd6sXEJW4czZ/88DGzz2w==

prisma-appsync@1.0.0-beta.49:
  version "1.0.0-beta.49"
  resolved "https://registry.npmjs.org/prisma-appsync/-/prisma-appsync-1.0.0-beta.49.tgz#6c2d0a1ceaba71818756df825c5a77d46fc75374"
  integrity sha512-g9lwLxoxw3RzbL19whIGA4V2QHE6UjvcZeCCRLtJ5u5+rhV41rwMO0cObAaBN5fLVpYw/lHRhS7ehNuzbXeMkg==

prisma@^2.18.0:
  version "2.18.0"
  resolved "https://registry.npmjs.org/prisma/-/prisma-2.18.0.tgz#b19a2d4a487b8b62759777be55506567af41f6ae"
  integrity sha512-03po/kFW3/oGHtnANgZiKYz22KEx6NpdaIP2r4eievmVam9f2+0PdP4x/KSFdMCT6B6VHh+3ILTi2z3bYosCgA==
  dependencies:
    "@prisma/engines" "2.18.0-34.da6fafb57b24e0b61ca20960c64e2d41f9e8cff1"
