# THIS IS AN AUTOGENERATED FILE. DO NOT EDIT THIS FILE DIRECTLY.
# yarn lockfile v1


"@aws-cdk/assets@1.77.0":
  version "1.77.0"
  resolved "https://registry.yarnpkg.com/@aws-cdk/assets/-/assets-1.77.0.tgz#74d104fde7262ff12276a1a6066fb892ddcae3e4"
  integrity sha512-fZLiAENEzpwYue7h2MkByr74F7QhuKMN+jLsO3Ak9mjUZFOAksCWDUnkNotfKU43G8wjpAnXlGgpXysyr6TkMQ==
  dependencies:
    "@aws-cdk/core" "1.77.0"
    "@aws-cdk/cx-api" "1.77.0"
    constructs "^3.2.0"

"@aws-cdk/aws-applicationautoscaling@1.77.0":
  version "1.77.0"
  resolved "https://registry.yarnpkg.com/@aws-cdk/aws-applicationautoscaling/-/aws-applicationautoscaling-1.77.0.tgz#32e6abd7dde709ddcef62fafc30e84bb7579bab7"
  integrity sha512-+jr1igx+0+yV09jcCmDG2FHQ4FnW1livepuxxTcBpri3RtzYmg3yuk0fHlEGxmaL+Eg8P1nBEp8g2rPWCHS2wQ==
  dependencies:
    "@aws-cdk/aws-autoscaling-common" "1.77.0"
    "@aws-cdk/aws-cloudwatch" "1.77.0"
    "@aws-cdk/aws-iam" "1.77.0"
    "@aws-cdk/core" "1.77.0"
    constructs "^3.2.0"

"@aws-cdk/aws-appsync@^1.77.0":
  version "1.77.0"
  resolved "https://registry.yarnpkg.com/@aws-cdk/aws-appsync/-/aws-appsync-1.77.0.tgz#936466c60a9039cba0bf966f96826bad72c785f3"
  integrity sha512-8c4ST1CIL+n8vVTMsgtl9JregN0xtMcld8oBgV6hcNINbcD/oOI2TQz07TPs105fBfZr/J8WLBvDnJsOnaN83Q==
  dependencies:
    "@aws-cdk/aws-cognito" "1.77.0"
    "@aws-cdk/aws-dynamodb" "1.77.0"
    "@aws-cdk/aws-ec2" "1.77.0"
    "@aws-cdk/aws-iam" "1.77.0"
    "@aws-cdk/aws-lambda" "1.77.0"
    "@aws-cdk/aws-rds" "1.77.0"
    "@aws-cdk/aws-s3-assets" "1.77.0"
    "@aws-cdk/aws-secretsmanager" "1.77.0"
    "@aws-cdk/core" "1.77.0"
    constructs "^3.2.0"

"@aws-cdk/aws-autoscaling-common@1.77.0":
  version "1.77.0"
  resolved "https://registry.yarnpkg.com/@aws-cdk/aws-autoscaling-common/-/aws-autoscaling-common-1.77.0.tgz#92bbe4be129e6d0d3ce9d6c3ace92d994dd78b97"
  integrity sha512-uxWFjKkEJQed6Os+VQ+/mv5l+7n5vqYl0be5fHsrExyYlriQ++GMS5plRt/IiQqcnmavZj4MX7wg4UYYZ3FT1A==
  dependencies:
    "@aws-cdk/aws-iam" "1.77.0"
    "@aws-cdk/core" "1.77.0"
    constructs "^3.2.0"

"@aws-cdk/aws-certificatemanager@1.77.0":
  version "1.77.0"
  resolved "https://registry.yarnpkg.com/@aws-cdk/aws-certificatemanager/-/aws-certificatemanager-1.77.0.tgz#c56bf2de67b3c81f48be75a291d786a876ff2599"
  integrity sha512-VnxWY7awwL0U2oIz1QUqnIruwVzeZPKPsnl+kiFK04Emte7z155tesEzv4DdDSh6fghIiPjTiB4utcMWTw1knA==
  dependencies:
    "@aws-cdk/aws-iam" "1.77.0"
    "@aws-cdk/aws-lambda" "1.77.0"
    "@aws-cdk/aws-route53" "1.77.0"
    "@aws-cdk/core" "1.77.0"
    constructs "^3.2.0"

"@aws-cdk/aws-cloudformation@1.77.0":
  version "1.77.0"
  resolved "https://registry.yarnpkg.com/@aws-cdk/aws-cloudformation/-/aws-cloudformation-1.77.0.tgz#09281727dd172b7444243df9903c640d8b8ec88a"
  integrity sha512-7yJWIFQPhq5JBtrlWJcyEG1p1TrtNTwDEF9VLxfB51ePXV687c0GqXIo5mZ61R8ugS8zTPRzChDU61mJfSN2Fg==
  dependencies:
    "@aws-cdk/aws-iam" "1.77.0"
    "@aws-cdk/aws-lambda" "1.77.0"
    "@aws-cdk/aws-s3" "1.77.0"
    "@aws-cdk/aws-sns" "1.77.0"
    "@aws-cdk/core" "1.77.0"
    "@aws-cdk/cx-api" "1.77.0"
    constructs "^3.2.0"

"@aws-cdk/aws-cloudwatch@1.77.0":
  version "1.77.0"
  resolved "https://registry.yarnpkg.com/@aws-cdk/aws-cloudwatch/-/aws-cloudwatch-1.77.0.tgz#73a15aa262617d7c4cf955afbddd9109dea4f810"
  integrity sha512-kq/MgeFl/FAt6nHJ5qSnfkc3P8mYenJTYHoC3AH2cnRFyNI4O9TX7EtFY2bUDWHJq5w65U1anuPyNytfs9TRvg==
  dependencies:
    "@aws-cdk/aws-iam" "1.77.0"
    "@aws-cdk/core" "1.77.0"
    constructs "^3.2.0"

"@aws-cdk/aws-codeguruprofiler@1.77.0":
  version "1.77.0"
  resolved "https://registry.yarnpkg.com/@aws-cdk/aws-codeguruprofiler/-/aws-codeguruprofiler-1.77.0.tgz#db393a5eb62ad5d85b1526e2857baa8e3f68c993"
  integrity sha512-PZe8YKzQe1FszQZ6x0ArBd7mBUcgke9pHP5nNEug9Qba5ow2DRb9O5bcjxOqGW8maG7yQx2lQouAOCkhptJKyQ==
  dependencies:
    "@aws-cdk/aws-iam" "1.77.0"
    "@aws-cdk/core" "1.77.0"
    constructs "^3.2.0"

"@aws-cdk/aws-cognito@1.77.0":
  version "1.77.0"
  resolved "https://registry.yarnpkg.com/@aws-cdk/aws-cognito/-/aws-cognito-1.77.0.tgz#05b5428f7a13fc46336d955627b8d2c23cd56e8a"
  integrity sha512-CiVy1DO+ZjtFkbatDAbeU1VbsziiwjCZHNk7k87jZDbEA7QjfvmisIxeX8JPfLmwpFOYc90APTQgvFoAATaW5Q==
  dependencies:
    "@aws-cdk/aws-certificatemanager" "1.77.0"
    "@aws-cdk/aws-iam" "1.77.0"
    "@aws-cdk/aws-lambda" "1.77.0"
    "@aws-cdk/core" "1.77.0"
    "@aws-cdk/custom-resources" "1.77.0"
    constructs "^3.2.0"
    punycode "^2.1.1"

"@aws-cdk/aws-dynamodb@1.77.0":
  version "1.77.0"
  resolved "https://registry.yarnpkg.com/@aws-cdk/aws-dynamodb/-/aws-dynamodb-1.77.0.tgz#34d1f18c652f11bc6316343a506d7e7b24fab1de"
  integrity sha512-n4mEfIfmHGJXfbUszmOULHRZyFCQpMJR0M5zgUfeJGFAk9FcC3X5vAGm2DhtcDDcGTU8TGfxz/XmjPdkRWtvkg==
  dependencies:
    "@aws-cdk/aws-applicationautoscaling" "1.77.0"
    "@aws-cdk/aws-cloudwatch" "1.77.0"
    "@aws-cdk/aws-iam" "1.77.0"
    "@aws-cdk/aws-kms" "1.77.0"
    "@aws-cdk/aws-lambda" "1.77.0"
    "@aws-cdk/core" "1.77.0"
    "@aws-cdk/custom-resources" "1.77.0"
    constructs "^3.2.0"

"@aws-cdk/aws-ec2@1.77.0":
  version "1.77.0"
  resolved "https://registry.yarnpkg.com/@aws-cdk/aws-ec2/-/aws-ec2-1.77.0.tgz#c8e3f399cf37a20b45274c018dacefafa1e9fe51"
  integrity sha512-Q5yYJ6tS5glnL3m8BM5Nzk7TrCztEHnSQB+uKtEsT2N4at8cypSZ0D2IozBH0BIaFPJ14TqRnEcHDRDf/88wXQ==
  dependencies:
    "@aws-cdk/aws-cloudwatch" "1.77.0"
    "@aws-cdk/aws-iam" "1.77.0"
    "@aws-cdk/aws-kms" "1.77.0"
    "@aws-cdk/aws-logs" "1.77.0"
    "@aws-cdk/aws-s3" "1.77.0"
    "@aws-cdk/aws-s3-assets" "1.77.0"
    "@aws-cdk/aws-ssm" "1.77.0"
    "@aws-cdk/cloud-assembly-schema" "1.77.0"
    "@aws-cdk/core" "1.77.0"
    "@aws-cdk/cx-api" "1.77.0"
    "@aws-cdk/region-info" "1.77.0"
    constructs "^3.2.0"

"@aws-cdk/aws-ecr-assets@1.77.0":
  version "1.77.0"
  resolved "https://registry.yarnpkg.com/@aws-cdk/aws-ecr-assets/-/aws-ecr-assets-1.77.0.tgz#876f53aee2e3ed81b2eadfde2c0ccb580b039fcf"
  integrity sha512-bQZPL0b4GLFbJBo+w4J5RvdmzrGLOM2MsV8tj6ftMQTC9CEYNET/2H621/MvMmrTpVgnlAN+L8uz0ixwd9z0AQ==
  dependencies:
    "@aws-cdk/assets" "1.77.0"
    "@aws-cdk/aws-ecr" "1.77.0"
    "@aws-cdk/aws-iam" "1.77.0"
    "@aws-cdk/aws-s3" "1.77.0"
    "@aws-cdk/core" "1.77.0"
    "@aws-cdk/cx-api" "1.77.0"
    constructs "^3.2.0"
    minimatch "^3.0.4"

"@aws-cdk/aws-ecr@1.77.0":
  version "1.77.0"
  resolved "https://registry.yarnpkg.com/@aws-cdk/aws-ecr/-/aws-ecr-1.77.0.tgz#52c61984e3b94bf330aab782173af6bb1f9d656c"
  integrity sha512-v419qaWnwLOzaCAcd6dxaq0G7+IxtWpVELofLOArvhCHHWvhSk78+NFjMI6HFvzD1yWTfeyAtjdCLEuXm4wPdA==
  dependencies:
    "@aws-cdk/aws-events" "1.77.0"
    "@aws-cdk/aws-iam" "1.77.0"
    "@aws-cdk/core" "1.77.0"
    constructs "^3.2.0"

"@aws-cdk/aws-efs@1.77.0":
  version "1.77.0"
  resolved "https://registry.yarnpkg.com/@aws-cdk/aws-efs/-/aws-efs-1.77.0.tgz#fc82cd5ccdb1459d8ce1759aaddaeefa1b2cf39f"
  integrity sha512-Vc4djKWv/nbBkscGz2BIByeFqhNU2f+sJFKj92YiR9N7sqBAItXN2IpgsmfbNO4nxALM2hfcso5SeG0PDfpjwQ==
  dependencies:
    "@aws-cdk/aws-ec2" "1.77.0"
    "@aws-cdk/aws-kms" "1.77.0"
    "@aws-cdk/cloud-assembly-schema" "1.77.0"
    "@aws-cdk/core" "1.77.0"
    "@aws-cdk/cx-api" "1.77.0"
    constructs "^3.2.0"

"@aws-cdk/aws-events@1.77.0":
  version "1.77.0"
  resolved "https://registry.yarnpkg.com/@aws-cdk/aws-events/-/aws-events-1.77.0.tgz#1f005e9a0ae660a2c64168950ec5d82878d7c4cd"
  integrity sha512-9Cbyg6Fi/SyZlXu3HA1OtxevPYUZY8wInDUlxW0OpGqqs2i+wWMWjGFqWgBh7hnPcvBh6IjOLa3clDfEoqvBhA==
  dependencies:
    "@aws-cdk/aws-iam" "1.77.0"
    "@aws-cdk/core" "1.77.0"
    constructs "^3.2.0"

"@aws-cdk/aws-iam@1.77.0", "@aws-cdk/aws-iam@^1.77.0":
  version "1.77.0"
  resolved "https://registry.yarnpkg.com/@aws-cdk/aws-iam/-/aws-iam-1.77.0.tgz#6525c55995ddd0625dc845ea5cb3a9ace8b7df17"
  integrity sha512-Dn4AeHhbfA5gVpx4KeoJzWxOFMRyengC6oraUDzPmwiJTPp+oJRIdtfOVhMzJ0gKJIz2im9limz/NnM2vIWJjw==
  dependencies:
    "@aws-cdk/core" "1.77.0"
    "@aws-cdk/region-info" "1.77.0"
    constructs "^3.2.0"

"@aws-cdk/aws-kms@1.77.0":
  version "1.77.0"
  resolved "https://registry.yarnpkg.com/@aws-cdk/aws-kms/-/aws-kms-1.77.0.tgz#0988bff2c6104e5fda0f758c94fe8247c8bc71f4"
  integrity sha512-9cwvF67p649enbTVp6xYI4FViVrfXCCBd2ssQi+Yjjep9ZrHVo2q//18z1XYBQVIz5QGu632zNxrLOR5t2oBvA==
  dependencies:
    "@aws-cdk/aws-iam" "1.77.0"
    "@aws-cdk/core" "1.77.0"
    constructs "^3.2.0"

"@aws-cdk/aws-lambda-nodejs@^1.77.0":
  version "1.77.0"
  resolved "https://registry.yarnpkg.com/@aws-cdk/aws-lambda-nodejs/-/aws-lambda-nodejs-1.77.0.tgz#20ea83fe1b83c5150da3859e8dcd702a96ee62cf"
  integrity sha512-Nd6wwpDszWwYBF2iCfeDlQiUDTFX/w0S4biRj30M9wlNIoLvZ8Th3TgTMOa/PvRbrdShpp3K7pAixhhCc4qMjQ==
  dependencies:
    "@aws-cdk/aws-lambda" "1.77.0"
    "@aws-cdk/core" "1.77.0"
    constructs "^3.2.0"

"@aws-cdk/aws-lambda@1.77.0", "@aws-cdk/aws-lambda@^1.77.0":
  version "1.77.0"
  resolved "https://registry.yarnpkg.com/@aws-cdk/aws-lambda/-/aws-lambda-1.77.0.tgz#80608fa5ddd3b55621cd1bd0fef13d93b356a983"
  integrity sha512-qf32Ha11LRCE/mc1EOwxpNuV6m09PX6/CEnBy/FyLe1ngYg+b4cn2gSalhdoZhDUuxAa9pkFPlIAq2yF3HNRUw==
  dependencies:
    "@aws-cdk/aws-applicationautoscaling" "1.77.0"
    "@aws-cdk/aws-cloudwatch" "1.77.0"
    "@aws-cdk/aws-codeguruprofiler" "1.77.0"
    "@aws-cdk/aws-ec2" "1.77.0"
    "@aws-cdk/aws-ecr" "1.77.0"
    "@aws-cdk/aws-ecr-assets" "1.77.0"
    "@aws-cdk/aws-efs" "1.77.0"
    "@aws-cdk/aws-events" "1.77.0"
    "@aws-cdk/aws-iam" "1.77.0"
    "@aws-cdk/aws-logs" "1.77.0"
    "@aws-cdk/aws-s3" "1.77.0"
    "@aws-cdk/aws-s3-assets" "1.77.0"
    "@aws-cdk/aws-sqs" "1.77.0"
    "@aws-cdk/core" "1.77.0"
    "@aws-cdk/cx-api" "1.77.0"
    constructs "^3.2.0"

"@aws-cdk/aws-logs@1.77.0":
  version "1.77.0"
  resolved "https://registry.yarnpkg.com/@aws-cdk/aws-logs/-/aws-logs-1.77.0.tgz#359d6c914d63ace2356adff19e37f3e67715e0d9"
  integrity sha512-irUpv+MUqSgDje4IXvtggT6DK2z8wwklFf2LQ8RpWH6F4rHWGZFn6zzLJPLO+LPbX2KvtITSZTtjpx4RCj4K9g==
  dependencies:
    "@aws-cdk/aws-cloudwatch" "1.77.0"
    "@aws-cdk/aws-iam" "1.77.0"
    "@aws-cdk/aws-kms" "1.77.0"
    "@aws-cdk/aws-s3-assets" "1.77.0"
    "@aws-cdk/core" "1.77.0"
    constructs "^3.2.0"

"@aws-cdk/aws-rds@1.77.0":
  version "1.77.0"
  resolved "https://registry.yarnpkg.com/@aws-cdk/aws-rds/-/aws-rds-1.77.0.tgz#ebb4066f31088f77dc88a3bb9089f58369ae4238"
  integrity sha512-7VWvzdb9NnQU17eWwbGu6rpUK1Tg5S10XLDFwhMmFsmeRPyOHZz4gsHBiwc+I98b7WKgyiGsSWj2VfLLcmztXA==
  dependencies:
    "@aws-cdk/aws-cloudwatch" "1.77.0"
    "@aws-cdk/aws-ec2" "1.77.0"
    "@aws-cdk/aws-events" "1.77.0"
    "@aws-cdk/aws-iam" "1.77.0"
    "@aws-cdk/aws-kms" "1.77.0"
    "@aws-cdk/aws-logs" "1.77.0"
    "@aws-cdk/aws-s3" "1.77.0"
    "@aws-cdk/aws-secretsmanager" "1.77.0"
    "@aws-cdk/core" "1.77.0"
    constructs "^3.2.0"

"@aws-cdk/aws-route53@1.77.0":
  version "1.77.0"
  resolved "https://registry.yarnpkg.com/@aws-cdk/aws-route53/-/aws-route53-1.77.0.tgz#56ac4661da749dbc2c6f6973fd437be483122667"
  integrity sha512-pwynfxfXffV1+8QYNoBAkd6nov8crWTkpNB7jkTnFmGsoPSpKzwh/T/ZFOFIOHoJUzWmiByyPYdVJWnIw+qwMg==
  dependencies:
    "@aws-cdk/aws-ec2" "1.77.0"
    "@aws-cdk/aws-logs" "1.77.0"
    "@aws-cdk/cloud-assembly-schema" "1.77.0"
    "@aws-cdk/core" "1.77.0"
    constructs "^3.2.0"

"@aws-cdk/aws-s3-assets@1.77.0":
  version "1.77.0"
  resolved "https://registry.yarnpkg.com/@aws-cdk/aws-s3-assets/-/aws-s3-assets-1.77.0.tgz#91d8f4cc2a49ddcddfa0e06818840317301861d1"
  integrity sha512-kK4i/48tAY3Ma0mjr323zrkNePSOn8/3k4xr3JCM5Xg5ritFONTXDGjuDuPaGSq7OpkQ3mSytgcAvapX34Q5RA==
  dependencies:
    "@aws-cdk/assets" "1.77.0"
    "@aws-cdk/aws-iam" "1.77.0"
    "@aws-cdk/aws-kms" "1.77.0"
    "@aws-cdk/aws-s3" "1.77.0"
    "@aws-cdk/core" "1.77.0"
    "@aws-cdk/cx-api" "1.77.0"
    constructs "^3.2.0"

"@aws-cdk/aws-s3@1.77.0":
  version "1.77.0"
  resolved "https://registry.yarnpkg.com/@aws-cdk/aws-s3/-/aws-s3-1.77.0.tgz#6f58fb2dbdf6f62f4ef46106ff80ee7b9527c53d"
  integrity sha512-lwRF1oqlDYraf5T+ywKW4bzlHR//+W8tCKxyWdWBMnnQPftzJmVHKsHfUQQtWURpXV0QJumf0vyNcz9aPwc33g==
  dependencies:
    "@aws-cdk/aws-events" "1.77.0"
    "@aws-cdk/aws-iam" "1.77.0"
    "@aws-cdk/aws-kms" "1.77.0"
    "@aws-cdk/core" "1.77.0"
    constructs "^3.2.0"

"@aws-cdk/aws-sam@1.77.0":
  version "1.77.0"
  resolved "https://registry.yarnpkg.com/@aws-cdk/aws-sam/-/aws-sam-1.77.0.tgz#cf81ab51d727166e37fcb68fd4b55afd801cdc7e"
  integrity sha512-6lE6XeyNshF3E8gQli6+EaRICAcxlFPKMhSjb82WEEWQ9JclRDyxDagM46lZce7klzChYW6RQZxkpacZUmWXdg==
  dependencies:
    "@aws-cdk/core" "1.77.0"
    constructs "^3.2.0"

"@aws-cdk/aws-secretsmanager@1.77.0":
  version "1.77.0"
  resolved "https://registry.yarnpkg.com/@aws-cdk/aws-secretsmanager/-/aws-secretsmanager-1.77.0.tgz#d529fd74d923d2073b42cdd73c882fcc9627f87e"
  integrity sha512-lS9DTlRLch+nCDy3+1isv+IFGKhNZd2ZNCzJ+wmeWFahID3GaFyBsrZ1CuDGqVu4pUir2hFE3WtUo1cRARA12A==
  dependencies:
    "@aws-cdk/aws-ec2" "1.77.0"
    "@aws-cdk/aws-iam" "1.77.0"
    "@aws-cdk/aws-kms" "1.77.0"
    "@aws-cdk/aws-lambda" "1.77.0"
    "@aws-cdk/aws-sam" "1.77.0"
    "@aws-cdk/core" "1.77.0"
    "@aws-cdk/cx-api" "1.77.0"
    constructs "^3.2.0"

"@aws-cdk/aws-sns@1.77.0":
  version "1.77.0"
  resolved "https://registry.yarnpkg.com/@aws-cdk/aws-sns/-/aws-sns-1.77.0.tgz#636b3a0c67f3f4902f36674ade00159aa7fa388b"
  integrity sha512-fQt21CNXIc6uAGlHCRR+IdfmKgPa4ebQ/sMWRlp+FQE9J/LnkLA3UgUCkybBvN2Pr40oHjnqz3eEb5nEX/1cpA==
  dependencies:
    "@aws-cdk/aws-cloudwatch" "1.77.0"
    "@aws-cdk/aws-events" "1.77.0"
    "@aws-cdk/aws-iam" "1.77.0"
    "@aws-cdk/aws-kms" "1.77.0"
    "@aws-cdk/aws-sqs" "1.77.0"
    "@aws-cdk/core" "1.77.0"
    constructs "^3.2.0"

"@aws-cdk/aws-sqs@1.77.0":
  version "1.77.0"
  resolved "https://registry.yarnpkg.com/@aws-cdk/aws-sqs/-/aws-sqs-1.77.0.tgz#7e2452d6c7675ca07bc1ebbeda9770243305bc93"
  integrity sha512-fw7wp8vJvuzxWDOU1vzq5QdN8sgn1tjgF4FonPZStu8OqPipVwurj+vDScFPuKY0wbhUqRCsQc181/an+qXlBQ==
  dependencies:
    "@aws-cdk/aws-cloudwatch" "1.77.0"
    "@aws-cdk/aws-iam" "1.77.0"
    "@aws-cdk/aws-kms" "1.77.0"
    "@aws-cdk/core" "1.77.0"
    constructs "^3.2.0"

"@aws-cdk/aws-ssm@1.77.0":
  version "1.77.0"
  resolved "https://registry.yarnpkg.com/@aws-cdk/aws-ssm/-/aws-ssm-1.77.0.tgz#f9ca0fa7b4d376f2e856919b8661256a8b1cbc10"
  integrity sha512-ENP2uoQprhVJGOa4qjh/f/L8wE83Fv+4Y13N1G8yYI2gNK1P/ZN5xC13MHolZVUobL2yxDU5P8dpVpmRyiS9nw==
  dependencies:
    "@aws-cdk/aws-iam" "1.77.0"
    "@aws-cdk/aws-kms" "1.77.0"
    "@aws-cdk/cloud-assembly-schema" "1.77.0"
    "@aws-cdk/core" "1.77.0"
    constructs "^3.2.0"

"@aws-cdk/cloud-assembly-schema@1.77.0":
  version "1.77.0"
  resolved "https://registry.yarnpkg.com/@aws-cdk/cloud-assembly-schema/-/cloud-assembly-schema-1.77.0.tgz#64b3fe29a48cc30189a54d25aba6ecf9186c1adb"
  integrity sha512-Kf3rf+XysVYPlEbxKxY61F77OyG3/s4ijwyUkNwFJh8dvN1JJ9U+wir0tdMrOYIf4oPC99wEoDK3aPkTqQ6HdQ==
  dependencies:
    jsonschema "^1.4.0"
    semver "^7.3.2"

"@aws-cdk/core@1.77.0", "@aws-cdk/core@^1.77.0":
  version "1.77.0"
  resolved "https://registry.yarnpkg.com/@aws-cdk/core/-/core-1.77.0.tgz#d2acc119c117d4fc3b7edb7ac7c1984e5beb9e05"
  integrity sha512-kMDXIOhWyYHskrmhWBOXqoNpCfB1tx/+MGOYpSeT5YLG6/ekcRv1Y9wgY4sLvGkiiOp9qMXEfwJ0sDIjtvqy3Q==
  dependencies:
    "@aws-cdk/cloud-assembly-schema" "1.77.0"
    "@aws-cdk/cx-api" "1.77.0"
    "@aws-cdk/region-info" "1.77.0"
    "@balena/dockerignore" "^1.0.2"
    constructs "^3.2.0"
    fs-extra "^9.0.1"
    ignore "^5.1.8"
    minimatch "^3.0.4"

"@aws-cdk/custom-resources@1.77.0":
  version "1.77.0"
  resolved "https://registry.yarnpkg.com/@aws-cdk/custom-resources/-/custom-resources-1.77.0.tgz#b7dd56c58430f38150a99eefb39ba71d93e73c71"
  integrity sha512-/1KSv5F40fZ0gTpO1TUpZYv4d383YTzFCS19b780KQ8DNGKtWRCTPym62gXmbA59hMeRVYwiLxcypo8cmVyHJw==
  dependencies:
    "@aws-cdk/aws-cloudformation" "1.77.0"
    "@aws-cdk/aws-iam" "1.77.0"
    "@aws-cdk/aws-lambda" "1.77.0"
    "@aws-cdk/aws-logs" "1.77.0"
    "@aws-cdk/aws-sns" "1.77.0"
    "@aws-cdk/core" "1.77.0"
    constructs "^3.2.0"

"@aws-cdk/cx-api@1.77.0":
  version "1.77.0"
  resolved "https://registry.yarnpkg.com/@aws-cdk/cx-api/-/cx-api-1.77.0.tgz#a98167114dcf70207d80a4dd2b867ce178132a7a"
  integrity sha512-ZmXUIFzMn+oeWhKoojrfS8JDkUQru/rOySjoEffZ0Ww1s2pu7ra08kqvbC9gsYM32KK15nEDGUuOraE2z5AVyw==
  dependencies:
    "@aws-cdk/cloud-assembly-schema" "1.77.0"
    semver "^7.3.2"

"@aws-cdk/region-info@1.77.0":
  version "1.77.0"
  resolved "https://registry.yarnpkg.com/@aws-cdk/region-info/-/region-info-1.77.0.tgz#b5c2d96e9c9e876121ffbd862d158cc76f8d653f"
  integrity sha512-PInzmaD5brRMfC2tmOYblc+9Ogh/lftW2kKTIzb3nwOJDnr4F0gKz1q48uj6+VtFBFkjYGG43eU3ItWHiI3v0g==

"@balena/dockerignore@^1.0.2":
  version "1.0.2"
  resolved "https://registry.yarnpkg.com/@balena/dockerignore/-/dockerignore-1.0.2.tgz#9ffe4726915251e8eb69f44ef3547e0da2c03e0d"
  integrity sha512-wMue2Sy4GAVTk6Ic4tJVcnfdau+gx2EnG7S+uAEe+TWJFqE4YoWN4/H8MSLj4eYJKxGg26lZwboEniNiNwZQ6Q==

"@types/js-yaml@^3.12.5":
  version "3.12.5"
  resolved "https://registry.yarnpkg.com/@types/js-yaml/-/js-yaml-3.12.5.tgz#136d5e6a57a931e1cce6f9d8126aa98a9c92a6bb"
  integrity sha512-JCcp6J0GV66Y4ZMDAQCXot4xprYB+Zfd3meK9+INSJeVZwJmHAW30BBEEkPzXswMXuiyReUGOP3GxrADc9wPww==

"@types/node@^14.14.7":
  version "14.14.12"
  resolved "https://registry.yarnpkg.com/@types/node/-/node-14.14.12.tgz#0b1d86f8c40141091285dea02e4940df73bba43f"
  integrity sha512-ASH8OPHMNlkdjrEdmoILmzFfsJICvhBsFfAum4aKZ/9U4B6M6tTmTPh+f3ttWdD74CEGV5XvXWkbyfSdXaTd7g==

arg@^4.1.0:
  version "4.1.3"
  resolved "https://registry.yarnpkg.com/arg/-/arg-4.1.3.tgz#269fc7ad5b8e42cb63c896d5666017261c144089"
  integrity sha512-58S9QDqG0Xx27YwPSt9fJxivjYl432YCwfDMfZ+71RAqUrZef7LrKQZ3LHLOwCS4FLNBplP533Zx895SeOCHvA==

argparse@^1.0.7:
  version "1.0.10"
  resolved "https://registry.yarnpkg.com/argparse/-/argparse-1.0.10.tgz#bcd6791ea5ae09725e17e5ad988134cd40b3d911"
  integrity sha512-o5Roy6tNG4SL/FOkCAN6RzjiakZS25RLYFrcMttJqbdd8BWrnA+fGz57iN5Pb06pvBGvl5gQ0B48dJlslXvoTg==
  dependencies:
    sprintf-js "~1.0.2"

at-least-node@^1.0.0:
  version "1.0.0"
  resolved "https://registry.yarnpkg.com/at-least-node/-/at-least-node-1.0.0.tgz#602cd4b46e844ad4effc92a8011a3c46e0238dc2"
  integrity sha512-+q/t7Ekv1EDY2l6Gda6LLiX14rU9TV20Wa3ofeQmwPFZbOMo9DXrLbOjFaaclkXKWidIaopwAObQDqwWtGUjqg==

balanced-match@^1.0.0:
  version "1.0.0"
  resolved "https://registry.yarnpkg.com/balanced-match/-/balanced-match-1.0.0.tgz#89b4d199ab2bee49de164ea02b89ce462d71b767"
  integrity sha1-ibTRmasr7kneFk6gK4nORi1xt2c=

brace-expansion@^1.1.7:
  version "1.1.11"
  resolved "https://registry.yarnpkg.com/brace-expansion/-/brace-expansion-1.1.11.tgz#3c7fcbf529d87226f3d2f52b966ff5271eb441dd"
  integrity sha512-iCuPHDFgrHX7H2vEI/5xpz07zSHB00TpugqhmYtVmMO6518mCuRMoOYFldEBl0g187ufozdaHgWKcYFb61qGiA==
  dependencies:
    balanced-match "^1.0.0"
    concat-map "0.0.1"

buffer-from@^1.0.0:
  version "1.1.1"
  resolved "https://registry.yarnpkg.com/buffer-from/-/buffer-from-1.1.1.tgz#32713bc028f75c02fdb710d7c7bcec1f2c6070ef"
  integrity sha512-MQcXEUbCKtEo7bhqEs6560Hyd4XaovZlO/k9V3hjVUF/zwW7KBVdSK4gIt/bzwS9MbR5qob+F5jusZsb0YQK2A==

concat-map@0.0.1:
  version "0.0.1"
  resolved "https://registry.yarnpkg.com/concat-map/-/concat-map-0.0.1.tgz#d8a96bd77fd68df7793a73036a3ba0d5405d477b"
  integrity sha1-2Klr13/Wjfd5OnMDajug1UBdR3s=

constructs@^3.2.0:
  version "3.2.66"
  resolved "https://registry.yarnpkg.com/constructs/-/constructs-3.2.66.tgz#994cd8883750f9e0d1fcbb993ad490c9e98e7598"
  integrity sha512-OnLTwfTYr11ekq7uPEN0cFHYROiAolJAKwCPTywVty1arB03c7GMszUDtRYgM/Gf0GCXPUDmLX/BIC+VUbMFVg==

create-require@^1.1.0:
  version "1.1.1"
  resolved "https://registry.yarnpkg.com/create-require/-/create-require-1.1.1.tgz#c1d7e8f1e5f6cfc9ff65f9cd352d37348756c333"
  integrity sha512-dcKFX3jn0MpIaXjisoRvexIJVEKzaq7z2rZKxf+MSr9TkdmHmsU4m2lcLojrj/FHl8mk5VxMmYA+ftRkP/3oKQ==

diff@^4.0.1:
  version "4.0.2"
  resolved "https://registry.yarnpkg.com/diff/-/diff-4.0.2.tgz#60f3aecb89d5fae520c11aa19efc2bb982aade7d"
  integrity sha512-58lmxKSA4BNyLz+HHMUzlOEpg09FV+ev6ZMe3vJihgdxzgcwZ8VoEEPmALCZG9LmqfVoNMMKpttIYTVG6uDY7A==

dotenv@^8.2.0:
  version "8.2.0"
  resolved "https://registry.yarnpkg.com/dotenv/-/dotenv-8.2.0.tgz#97e619259ada750eea3e4ea3e26bceea5424b16a"
  integrity sha512-8sJ78ElpbDJBHNeBzUbUVLsqKdccaa/BXF1uPTw3GrvQTBgrQrtObr2mUrE38vzYd8cEv+m/JBfDLioYcfXoaw==

esbuild@0:
  version "0.8.21"
  resolved "https://registry.yarnpkg.com/esbuild/-/esbuild-0.8.21.tgz#c431f8af457795c2fecb1b2873cb8eaef4e5b53c"
  integrity sha512-vRRx5MZmiekw2R7jK5BppvBUFCJA0Zkl0wYxrDmyUvMPBcQC/xJvxJUM4R+Hgjgb3gp5P1W655AsuoqDeQQDVw==

esprima@^4.0.0:
  version "4.0.1"
  resolved "https://registry.yarnpkg.com/esprima/-/esprima-4.0.1.tgz#13b04cdb3e6c5d19df91ab6987a8695619b0aa71"
  integrity sha512-eGuFFw7Upda+g4p+QHvnW0RyTX/SVeJBDM/gCtMARO0cLuT2HcEKnTPvhjV6aGeqrCB/sbNop0Kszm0jsaWU4A==

fs-extra@^9.0.1:
  version "9.0.1"
  resolved "https://registry.yarnpkg.com/fs-extra/-/fs-extra-9.0.1.tgz#910da0062437ba4c39fedd863f1675ccfefcb9fc"
  integrity sha512-h2iAoN838FqAFJY2/qVpzFXy+EBxfVE220PalAqQLDVsFOHLJrZvut5puAbCdNv6WJk+B8ihI+k0c7JK5erwqQ==
  dependencies:
    at-least-node "^1.0.0"
    graceful-fs "^4.2.0"
    jsonfile "^6.0.1"
    universalify "^1.0.0"

graceful-fs@^4.1.6, graceful-fs@^4.2.0:
  version "4.2.4"
  resolved "https://registry.yarnpkg.com/graceful-fs/-/graceful-fs-4.2.4.tgz#2256bde14d3632958c465ebc96dc467ca07a29fb"
  integrity sha512-WjKPNJF79dtJAVniUlGGWHYGz2jWxT6VhN/4m1NdkbZ2nOsEF+cI1Edgql5zCRhs/VsQYRvrXctxktVXZUkixw==

ignore@^5.1.8:
  version "5.1.8"
  resolved "https://registry.yarnpkg.com/ignore/-/ignore-5.1.8.tgz#f150a8b50a34289b33e22f5889abd4d8016f0e57"
  integrity sha512-BMpfD7PpiETpBl/A6S498BaIJ6Y/ABT93ETbby2fP00v4EbvPBXWEoaR1UBPKs3iR53pJY7EtZk5KACI57i1Uw==

js-yaml@^3.14.1:
  version "3.14.1"
  resolved "https://registry.yarnpkg.com/js-yaml/-/js-yaml-3.14.1.tgz#dae812fdb3825fa306609a8717383c50c36a0537"
  integrity sha512-okMH7OXXJ7YrN9Ok3/SXrnu4iX9yOk+25nqX4imS2npuvTYDmo/QEZoqwZkYaIDk3jVvBOTOIEgEhaLOynBS9g==
  dependencies:
    argparse "^1.0.7"
    esprima "^4.0.0"

jsonfile@^6.0.1:
  version "6.1.0"
  resolved "https://registry.yarnpkg.com/jsonfile/-/jsonfile-6.1.0.tgz#bc55b2634793c679ec6403094eb13698a6ec0aae"
  integrity sha512-5dgndWOriYSm5cnYaJNhalLNDKOqFwyDB/rr1E9ZsGciGvKPs8R2xYGCacuf3z6K1YKDz182fd+fY3cn3pMqXQ==
  dependencies:
    universalify "^2.0.0"
  optionalDependencies:
    graceful-fs "^4.1.6"

jsonschema@^1.4.0:
  version "1.4.0"
  resolved "https://registry.yarnpkg.com/jsonschema/-/jsonschema-1.4.0.tgz#1afa34c4bc22190d8e42271ec17ac8b3404f87b2"
  integrity sha512-/YgW6pRMr6M7C+4o8kS+B/2myEpHCrxO4PEWnqJNBFMjn7EWXqlQ4tGwL6xTHeRplwuZmcAncdvfOad1nT2yMw==

lru-cache@^6.0.0:
  version "6.0.0"
  resolved "https://registry.yarnpkg.com/lru-cache/-/lru-cache-6.0.0.tgz#6d6fe6570ebd96aaf90fcad1dafa3b2566db3a94"
  integrity sha512-Jo6dJ04CmSjuznwJSS3pUeWmd/H0ffTlkXXgwZi+eq1UCmqQwCh+eLsYOYCwY991i2Fah4h1BEMCx4qThGbsiA==
  dependencies:
    yallist "^4.0.0"

make-error@^1.1.1:
  version "1.3.6"
  resolved "https://registry.yarnpkg.com/make-error/-/make-error-1.3.6.tgz#2eb2e37ea9b67c4891f684a1394799af484cf7a2"
  integrity sha512-s8UhlNe7vPKomQhC1qFelMokr/Sc3AgNbso3n74mVPA5LTZwkB9NlXf4XPamLxJE8h0gh73rM94xvwRT2CVInw==

minimatch@^3.0.4:
  version "3.0.4"
  resolved "https://registry.yarnpkg.com/minimatch/-/minimatch-3.0.4.tgz#5166e286457f03306064be5497e8dbb0c3d32083"
  integrity sha512-yJHVQEhyqPLUTgt9B83PXu6W3rx4MvvHvSUvToogpwoGDOUQ+yDrR0HRot+yOCdCO7u4hX3pWft6kWBBcqh0UA==
  dependencies:
    brace-expansion "^1.1.7"

punycode@^2.1.1:
  version "2.1.1"
  resolved "https://registry.yarnpkg.com/punycode/-/punycode-2.1.1.tgz#b58b010ac40c22c5657616c8d2c2c02c7bf479ec"
  integrity sha512-XRsRjdf+j5ml+y/6GKHPZbrF/8p2Yga0JPtdqTIY2Xe5ohJPD9saDJJLPvp9+NSBprVvevdXZybnj2cv8OEd0A==

semver@^7.3.2:
  version "7.3.4"
  resolved "https://registry.yarnpkg.com/semver/-/semver-7.3.4.tgz#27aaa7d2e4ca76452f98d3add093a72c943edc97"
  integrity sha512-tCfb2WLjqFAtXn4KEdxIhalnRtoKFN7nAwj0B3ZXCbQloV2tq5eDbcTmT68JJD3nRJq24/XgxtQKFIpQdtvmVw==
  dependencies:
    lru-cache "^6.0.0"

source-map-support@^0.5.17:
  version "0.5.19"
  resolved "https://registry.yarnpkg.com/source-map-support/-/source-map-support-0.5.19.tgz#a98b62f86dcaf4f67399648c085291ab9e8fed61"
  integrity sha512-Wonm7zOCIJzBGQdB+thsPar0kYuCIzYvxZwlBa87yi/Mdjv7Tip2cyVbLj5o0cFPN4EVkuTwb3GDDyUx2DGnGw==
  dependencies:
    buffer-from "^1.0.0"
    source-map "^0.6.0"

source-map@^0.6.0:
  version "0.6.1"
  resolved "https://registry.yarnpkg.com/source-map/-/source-map-0.6.1.tgz#74722af32e9614e9c287a8d0bbde48b5e2f1a263"
  integrity sha512-UjgapumWlbMhkBgzT7Ykc5YXUT46F0iKu8SGXq0bcwP5dz/h0Plj6enJqjz1Zbq2l5WaqYnrVbwWOWMyF3F47g==

sprintf-js@~1.0.2:
  version "1.0.3"
  resolved "https://registry.yarnpkg.com/sprintf-js/-/sprintf-js-1.0.3.tgz#04e6926f662895354f3dd015203633b857297e2c"
  integrity sha1-BOaSb2YolTVPPdAVIDYzuFcpfiw=

ts-node@^9.0.0:
  version "9.1.1"
  resolved "https://registry.yarnpkg.com/ts-node/-/ts-node-9.1.1.tgz#51a9a450a3e959401bda5f004a72d54b936d376d"
  integrity sha512-hPlt7ZACERQGf03M253ytLY3dHbGNGrAq9qIHWUY9XHYl1z7wYngSr3OQ5xmui8o2AaxsONxIzjafLUiWBo1Fg==
  dependencies:
    arg "^4.1.0"
    create-require "^1.1.0"
    diff "^4.0.1"
    make-error "^1.1.1"
    source-map-support "^0.5.17"
    yn "3.1.1"

typescript@^4.0.5:
  version "4.1.2"
  resolved "https://registry.yarnpkg.com/typescript/-/typescript-4.1.2.tgz#6369ef22516fe5e10304aae5a5c4862db55380e9"
  integrity sha512-thGloWsGH3SOxv1SoY7QojKi0tc+8FnOmiarEGMbd/lar7QOEd3hvlx3Fp5y6FlDUGl9L+pd4n2e+oToGMmhRQ==

universalify@^1.0.0:
  version "1.0.0"
  resolved "https://registry.yarnpkg.com/universalify/-/universalify-1.0.0.tgz#b61a1da173e8435b2fe3c67d29b9adf8594bd16d"
  integrity sha512-rb6X1W158d7pRQBg5gkR8uPaSfiids68LTJQYOtEUhoJUWBdaQHsuT/EUduxXYxcrt4r5PJ4fuHW1MHT6p0qug==

universalify@^2.0.0:
  version "2.0.0"
  resolved "https://registry.yarnpkg.com/universalify/-/universalify-2.0.0.tgz#75a4984efedc4b08975c5aeb73f530d02df25717"
  integrity sha512-hAZsKq7Yy11Zu1DE0OzWjw7nnLZmJZYTDZZyEFHZdUhV8FkH5MCfoU1XMaxXovpyW5nq5scPqq0ZDP9Zyl04oQ==

yallist@^4.0.0:
  version "4.0.0"
  resolved "https://registry.yarnpkg.com/yallist/-/yallist-4.0.0.tgz#9bb92790d9c0effec63be73519e11a35019a3a72"
  integrity sha512-3wdGidZyq5PB084XLES5TpOSRA3wjXAlIWMhum2kRcv/41Sn2emQ0dycQW4uZXLejwKvg6EsvbdlVL+FYEct7A==

yn@3.1.1:
  version "3.1.1"
  resolved "https://registry.yarnpkg.com/yn/-/yn-3.1.1.tgz#1e87401a09d767c1d5eab26a6e4c185182d2eb50"
  integrity sha512-Ux4ygGWsu2c7isFWe8Yu1YluJmqVhxqK2cLXNQA5AcC3QfbGNpM7fu0Y8b/z16pXLnFxZYvWhd3fhBY9DLmC6Q==
